
Microsoft Visual Studio Solution File, Format Version 12.00
# Visual Studio Version 16
VisualStudioVersion = 16.0.32126.315
MinimumVisualStudioVersion = 10.0.40219.1
Project("{FAE04EC0-301F-11D3-BF4B-00C04F79EFBC}") = "ProjetoAspNet", "ProjetoAspNet.csproj", "{5089794D-305C-40DA-8442-3AD745069719}"
EndProject
Global
	GlobalSection(SolutionConfigurationPlatforms) = preSolution
		Debug|Any CPU = Debug|Any CPU
		Release|Any CPU = Release|Any CPU
	EndGlobalSection
	GlobalSection(ProjectConfigurationPlatforms) = postSolution
		{5089794D-305C-40DA-8442-3AD745069719}.Debug|Any CPU.ActiveCfg = Debug|Any CPU
		{5089794D-305C-40DA-8442-3AD745069719}.Debug|Any CPU.Build.0 = Debug|Any CPU
		{5089794D-305C-40DA-8442-3AD745069719}.Release|Any CPU.ActiveCfg = Release|Any CPU
		{5089794D-305C-40DA-8442-3AD745069719}.Release|Any CPU.Build.0 = Release|Any CPU
	EndGlobalSection
	GlobalSection(SolutionProperties) = preSolution
		HideSolutionNode = FALSE
	EndGlobalSection
	GlobalSection(ExtensibilityGlobals) = postSolution
		SolutionGuid = {8D7570C9-1787-4E4D-8861-2A36FFB10382}
	EndGlobalSection
EndGlobal
